PODS:
  - Alamofire (4.0.1)
  - AlamofireImage (3.1.0):
    - Alamofire (~> 4.0)
  - AlamofireObjectMapper (4.0.0):
    - Alamofire (~> 4.0)
    - ObjectMapper (~> 2.0)
  - IQKeyboardManager (4.0.4)
  - MBProgressHUD (1.0.0)
  - ObjectMapper (2.0.0)

DEPENDENCIES:
  - Alamofire (~> 4.0)
  - AlamofireImage (~> 3.1)
  - AlamofireObjectMapper (~> 4.0)
  - IQKeyboardManager
  - MBProgressHUD (from `https://github.com/jdg/MBProgressHUD.git`)

EXTERNAL SOURCES:
  MBProgressHUD:
    :git: https://github.com/jdg/MBProgressHUD.git

CHECKOUT OPTIONS:
  MBProgressHUD:
    :commit: 59a8240da67a8c98ac7e77da2fa198d21b1ab03c
    :git: https://github.com/jdg/MBProgressHUD.git

SPEC CHECKSUMS:
  Alamofire: 7682d43245de14874acd142ec137b144aa1dd335
  AlamofireImage: bb8c8351c51cb1633bb6be69b6dbbaff37ce65b7
  AlamofireObjectMapper: 9faa3ce5a240efda1b209009a2d6e1e949227abc
  IQKeyboardManager: 4a6f83b540283c2645aaeba2bd8dc0f09b5c77f8
  MBProgressHUD: 4890f671c94e8a0f3cf959aa731e9de2f036d71a
  ObjectMapper: aed2570edabbd3c9b26c939e1cabdb6558f933e0

PODFILE CHECKSUM: 94a135e3f806d271b79f130ae63a6e83ffacfcd9

COCOAPODS: 1.0.1
